
Microsoft Visual Studio Solution File, Format Version 12.00
# Visual Studio Version 16
VisualStudioVersion = 16.0.31515.178
MinimumVisualStudioVersion = 10.0.40219.1
Project("{FAE04EC0-301F-11D3-BF4B-00C04F79EFBC}") = "vjezbe8", "vjezbe8\vjezbe8.csproj", "{BA3B2A95-5821-4FF3-B9CE-99B824563BC8}"
EndProject
Global
	GlobalSection(SolutionConfigurationPlatforms) = preSolution
		Debug|Any CPU = Debug|Any CPU
		Release|Any CPU = Release|Any CPU
	EndGlobalSection
	GlobalSection(ProjectConfigurationPlatforms) = postSolution
		{BA3B2A95-5821-4FF3-B9CE-99B824563BC8}.Debug|Any CPU.ActiveCfg = Debug|Any CPU
		{BA3B2A95-5821-4FF3-B9CE-99B824563BC8}.Debug|Any CPU.Build.0 = Debug|Any CPU
		{BA3B2A95-5821-4FF3-B9CE-99B824563BC8}.Release|Any CPU.ActiveCfg = Release|Any CPU
		{BA3B2A95-5821-4FF3-B9CE-99B824563BC8}.Release|Any CPU.Build.0 = Release|Any CPU
	EndGlobalSection
	GlobalSection(SolutionProperties) = preSolution
		HideSolutionNode = FALSE
	EndGlobalSection
	GlobalSection(ExtensibilityGlobals) = postSolution
		SolutionGuid = {1643C991-88F7-4A9C-B78B-2EBAD3C3D27D}
	EndGlobalSection
EndGlobal
